
Microsoft Visual Studio Solution File, Format Version 12.00
# Visual Studio Version 17
VisualStudioVersion = 17.9.34622.214
MinimumVisualStudioVersion = 10.0.40219.1
Project("{FAE04EC0-301F-11D3-BF4B-00C04F79EFBC}") = "ChessApp", "ChessApp.csproj", "{D70F9273-CF17-4BC4-8CED-EF65932D7F84}"
EndProject
Global
	GlobalSection(SolutionConfigurationPlatforms) = preSolution
		Debug|Any CPU = Debug|Any CPU
		Release|Any CPU = Release|Any CPU
	EndGlobalSection
	GlobalSection(ProjectConfigurationPlatforms) = postSolution
		{D70F9273-CF17-4BC4-8CED-EF65932D7F84}.Debug|Any CPU.ActiveCfg = Debug|Any CPU
		{D70F9273-CF17-4BC4-8CED-EF65932D7F84}.Debug|Any CPU.Build.0 = Debug|Any CPU
		{D70F9273-CF17-4BC4-8CED-EF65932D7F84}.Release|Any CPU.ActiveCfg = Release|Any CPU
		{D70F9273-CF17-4BC4-8CED-EF65932D7F84}.Release|Any CPU.Build.0 = Release|Any CPU
	EndGlobalSection
	GlobalSection(SolutionProperties) = preSolution
		HideSolutionNode = FALSE
	EndGlobalSection
	GlobalSection(ExtensibilityGlobals) = postSolution
		SolutionGuid = {A42029DA-7B56-4D1B-BBB9-62D5BFDB4215}
	EndGlobalSection
EndGlobal
